{
  "object": {
    "pins": [
      {
        "package": "JSON",
        "repositoryURL": "git@github.com:drrost/c-json.git",
        "state": {
          "branch": null,
          "revision": "678b6f66fb3eb007fe551c630cad66eb1ea47f52",
          "version": "0.0.3"
        }
      },
      {
        "package": "MemUtils",
        "repositoryURL": "git@github.com:drrost/c-memutils.git",
        "state": {
          "branch": null,
          "revision": "b69f8b4822a77bc2f398d0c7bb1c88c0549c0d58",
          "version": "0.0.2"
        }
      },
      {
        "package": "rdlib",
        "repositoryURL": "git@github.com:drrost/rdlib.git",
        "state": {
          "branch": null,
          "revision": "afb62a20c8a9da9d58b27877202e789126ef6051",
          "version": "0.0.6"
        }
      },
      {
        "package": "RDFoundation",
        "repositoryURL": "git@github.com:drrost/swift-extensions-foundation.git",
        "state": {
          "branch": null,
          "revision": "5921dcbb6b43e3e96c2c89ecf01bef4fc5558213",
          "version": "1.3.1"
        }
      }
    ]
  },
  "version": 1
}
